
Microsoft Visual Studio Solution File, Format Version 12.00
# Visual Studio Version 16
VisualStudioVersion = 16.0.33529.622
MinimumVisualStudioVersion = 10.0.40219.1
Project("{FAE04EC0-301F-11D3-BF4B-00C04F79EFBC}") = "TravelAgencyProject", "TravelAgencyProject\TravelAgencyProject.csproj", "{BAAAD80D-3F85-433E-88A3-2664E984A322}"
EndProject
Global
	GlobalSection(SolutionConfigurationPlatforms) = preSolution
		Debug|Any CPU = Debug|Any CPU
		Release|Any CPU = Release|Any CPU
	EndGlobalSection
	GlobalSection(ProjectConfigurationPlatforms) = postSolution
		{BAAAD80D-3F85-433E-88A3-2664E984A322}.Debug|Any CPU.ActiveCfg = Debug|Any CPU
		{BAAAD80D-3F85-433E-88A3-2664E984A322}.Debug|Any CPU.Build.0 = Debug|Any CPU
		{BAAAD80D-3F85-433E-88A3-2664E984A322}.Release|Any CPU.ActiveCfg = Release|Any CPU
		{BAAAD80D-3F85-433E-88A3-2664E984A322}.Release|Any CPU.Build.0 = Release|Any CPU
	EndGlobalSection
	GlobalSection(SolutionProperties) = preSolution
		HideSolutionNode = FALSE
	EndGlobalSection
	GlobalSection(ExtensibilityGlobals) = postSolution
		SolutionGuid = {A27D3F04-8D69-42DF-BDA6-06FEAEBDE164}
	EndGlobalSection
EndGlobal
